
Microsoft Visual Studio Solution File, Format Version 12.00
# Visual Studio 15
VisualStudioVersion = 15.0.27004.2009
MinimumVisualStudioVersion = 10.0.40219.1
Project("{FAE04EC0-301F-11D3-BF4B-00C04F79EFBC}") = "LogicaHotel", "LogicaHotel\LogicaHotel.csproj", "{71B99D53-4DA4-41CA-B46E-8C93D856F3C9}"
EndProject
Global
	GlobalSection(SolutionConfigurationPlatforms) = preSolution
		Debug|Any CPU = Debug|Any CPU
		Release|Any CPU = Release|Any CPU
	EndGlobalSection
	GlobalSection(ProjectConfigurationPlatforms) = postSolution
		{71B99D53-4DA4-41CA-B46E-8C93D856F3C9}.Debug|Any CPU.ActiveCfg = Debug|Any CPU
		{71B99D53-4DA4-41CA-B46E-8C93D856F3C9}.Debug|Any CPU.Build.0 = Debug|Any CPU
		{71B99D53-4DA4-41CA-B46E-8C93D856F3C9}.Release|Any CPU.ActiveCfg = Release|Any CPU
		{71B99D53-4DA4-41CA-B46E-8C93D856F3C9}.Release|Any CPU.Build.0 = Release|Any CPU
	EndGlobalSection
	GlobalSection(SolutionProperties) = preSolution
		HideSolutionNode = FALSE
	EndGlobalSection
	GlobalSection(ExtensibilityGlobals) = postSolution
		SolutionGuid = {81776CC2-B5AC-4A43-89EC-33F1B6A8192A}
	EndGlobalSection
EndGlobal
